// !$*UTF8*$!
{
	archiveVersion = 1;
	classes = {
	};
	objectVersion = 51;
	objects = {

/* Begin PBXBuildFile section */
		1073AD00862A4296F37F3E28 /* Pods_iUpdate_iUpdateUITests.framework in Frameworks */ = {isa = PBXBuildFile; fileRef = 7EE4C612E1AAC6514E6D5A91 /* Pods_iUpdate_iUpdateUITests.framework */; };
		2AB58D116B8A699E00023D9F /* Pods_iUpdate.framework in Frameworks */ = {isa = PBXBuildFile; fileRef = 46C4D9AD8EEEF0166DA172AA /* Pods_iUpdate.framework */; };
		39CDC9B980DE7ED65258E79D /* Pods_iUpdateTests.framework in Frameworks */ = {isa = PBXBuildFile; fileRef = ABC9B8031A3DEF5FC47687C4 /* Pods_iUpdateTests.framework */; };
		F34D9758243108C8002809F1 /* FileManager.swift in Sources */ = {isa = PBXBuildFile; fileRef = F34D9757243108C8002809F1 /* FileManager.swift */; };
		F35558E72429002F0050892F /* Asset.swift in Sources */ = {isa = PBXBuildFile; fileRef = F35558E62429002F0050892F /* Asset.swift */; };
		F366C33D242E65BE00C92C4B /* MainTableViewCell.swift in Sources */ = {isa = PBXBuildFile; fileRef = F366C33C242E65BE00C92C4B /* MainTableViewCell.swift */; };
		F366C34B242F73B300C92C4B /* UIColor.swift in Sources */ = {isa = PBXBuildFile; fileRef = F366C34A242F73B300C92C4B /* UIColor.swift */; };
		F366C351242F984400C92C4B /* UpdateDetailTableViewController.swift in Sources */ = {isa = PBXBuildFile; fileRef = F366C350242F984400C92C4B /* UpdateDetailTableViewController.swift */; };
		F366C353242F985B00C92C4B /* UpdateDetailTableViewCell.swift in Sources */ = {isa = PBXBuildFile; fileRef = F366C352242F985B00C92C4B /* UpdateDetailTableViewCell.swift */; };
		F366C356242FA29B00C92C4B /* DescriptionViewController.swift in Sources */ = {isa = PBXBuildFile; fileRef = F366C355242FA29B00C92C4B /* DescriptionViewController.swift */; };
		F366C35C242FAA1300C92C4B /* AddCatalogTableViewController.swift in Sources */ = {isa = PBXBuildFile; fileRef = F366C35B242FAA1300C92C4B /* AddCatalogTableViewController.swift */; };
		F366C35E242FAA2900C92C4B /* AddCatalogTableViewCell.swift in Sources */ = {isa = PBXBuildFile; fileRef = F366C35D242FAA2900C92C4B /* AddCatalogTableViewCell.swift */; };
		F392F8162428CBAC00F2B6D8 /* AppDelegate.swift in Sources */ = {isa = PBXBuildFile; fileRef = F392F8152428CBAC00F2B6D8 /* AppDelegate.swift */; };
		F392F8182428CBAC00F2B6D8 /* SceneDelegate.swift in Sources */ = {isa = PBXBuildFile; fileRef = F392F8172428CBAC00F2B6D8 /* SceneDelegate.swift */; };
		F392F81D2428CBAC00F2B6D8 /* Main.storyboard in Resources */ = {isa = PBXBuildFile; fileRef = F392F81B2428CBAC00F2B6D8 /* Main.storyboard */; };
		F392F81F2428CBAD00F2B6D8 /* Assets.xcassets in Resources */ = {isa = PBXBuildFile; fileRef = F392F81E2428CBAD00F2B6D8 /* Assets.xcassets */; };
		F392F8222428CBAD00F2B6D8 /* LaunchScreen.storyboard in Resources */ = {isa = PBXBuildFile; fileRef = F392F8202428CBAD00F2B6D8 /* LaunchScreen.storyboard */; };
		F392F82D2428CBAD00F2B6D8 /* iUpdateTests.swift in Sources */ = {isa = PBXBuildFile; fileRef = F392F82C2428CBAD00F2B6D8 /* iUpdateTests.swift */; };
		F392F8382428CBAD00F2B6D8 /* iUpdateUITests.swift in Sources */ = {isa = PBXBuildFile; fileRef = F392F8372428CBAD00F2B6D8 /* iUpdateUITests.swift */; };
		F392F8462428CC2500F2B6D8 /* MainTableViewController.swift in Sources */ = {isa = PBXBuildFile; fileRef = F392F8452428CC2500F2B6D8 /* MainTableViewController.swift */; };
		F392F84A2428CF2E00F2B6D8 /* Catalog.swift in Sources */ = {isa = PBXBuildFile; fileRef = F392F8492428CF2E00F2B6D8 /* Catalog.swift */; };
		F392F84C2428D00600F2B6D8 /* ManageCatalogTableViewController.swift in Sources */ = {isa = PBXBuildFile; fileRef = F392F84B2428D00600F2B6D8 /* ManageCatalogTableViewController.swift */; };
		F392F84E2428D3BF00F2B6D8 /* ManageCatalogTableViewCell.swift in Sources */ = {isa = PBXBuildFile; fileRef = F392F84D2428D3BF00F2B6D8 /* ManageCatalogTableViewCell.swift */; };
		F3C2A9C62430EAF4007A63F3 /* Documentation.swift in Sources */ = {isa = PBXBuildFile; fileRef = F3C2A9C52430EAF4007A63F3 /* Documentation.swift */; };
		F3C2A9C92430EFAC007A63F3 /* DocumentationListTableViewController.swift in Sources */ = {isa = PBXBuildFile; fileRef = F3C2A9C82430EFAC007A63F3 /* DocumentationListTableViewController.swift */; };
		F3C2A9CB2430EFC5007A63F3 /* DocumentationListTableViewCell.swift in Sources */ = {isa = PBXBuildFile; fileRef = F3C2A9CA2430EFC5007A63F3 /* DocumentationListTableViewCell.swift */; };
		F3C2A9CD2430F598007A63F3 /* DocumentationDetailTableViewController.swift in Sources */ = {isa = PBXBuildFile; fileRef = F3C2A9CC2430F598007A63F3 /* DocumentationDetailTableViewController.swift */; };
		F3C2A9CF2430F5B2007A63F3 /* DocumentationDetailCellTableViewCell.swift in Sources */ = {isa = PBXBuildFile; fileRef = F3C2A9CE2430F5B2007A63F3 /* DocumentationDetailCellTableViewCell.swift */; };
		F3C2A9D02430FBD9007A63F3 /* WebKit.framework in Frameworks */ = {isa = PBXBuildFile; fileRef = F366C358242FA3BB00C92C4B /* WebKit.framework */; };
/* End PBXBuildFile section */

/* Begin PBXContainerItemProxy section */
		F392F8292428CBAD00F2B6D8 /* PBXContainerItemProxy */ = {
			isa = PBXContainerItemProxy;
			containerPortal = F392F80A2428CBAB00F2B6D8 /* Project object */;
			proxyType = 1;
			remoteGlobalIDString = F392F8112428CBAB00F2B6D8;
			remoteInfo = iUpdate;
		};
		F392F8342428CBAD00F2B6D8 /* PBXContainerItemProxy */ = {
			isa = PBXContainerItemProxy;
			containerPortal = F392F80A2428CBAB00F2B6D8 /* Project object */;
			proxyType = 1;
			remoteGlobalIDString = F392F8112428CBAB00F2B6D8;
			remoteInfo = iUpdate;
		};
/* End PBXContainerItemProxy section */

/* Begin PBXFileReference section */
		2620196C765D784521A226BF /* Pods-iUpdate-iUpdateUITests.release.xcconfig */ = {isa = PBXFileReference; includeInIndex = 1; lastKnownFileType = text.xcconfig; name = "Pods-iUpdate-iUpdateUITests.release.xcconfig"; path = "Target Support Files/Pods-iUpdate-iUpdateUITests/Pods-iUpdate-iUpdateUITests.release.xcconfig"; sourceTree = "<group>"; };
		46C4D9AD8EEEF0166DA172AA /* Pods_iUpdate.framework */ = {isa = PBXFileReference; explicitFileType = wrapper.framework; includeInIndex = 0; path = Pods_iUpdate.framework; sourceTree = BUILT_PRODUCTS_DIR; };
		58FA6E88E7D3435331E3A9D2 /* Pods-iUpdateTests.release.xcconfig */ = {isa = PBXFileReference; includeInIndex = 1; lastKnownFileType = text.xcconfig; name = "Pods-iUpdateTests.release.xcconfig"; path = "Target Support Files/Pods-iUpdateTests/Pods-iUpdateTests.release.xcconfig"; sourceTree = "<group>"; };
		6AF727D0CF14EBB073FCF7EF /* Pods-iUpdateTests.debug.xcconfig */ = {isa = PBXFileReference; includeInIndex = 1; lastKnownFileType = text.xcconfig; name = "Pods-iUpdateTests.debug.xcconfig"; path = "Target Support Files/Pods-iUpdateTests/Pods-iUpdateTests.debug.xcconfig"; sourceTree = "<group>"; };
		7EE4C612E1AAC6514E6D5A91 /* Pods_iUpdate_iUpdateUITests.framework */ = {isa = PBXFileReference; explicitFileType = wrapper.framework; includeInIndex = 0; path = Pods_iUpdate_iUpdateUITests.framework; sourceTree = BUILT_PRODUCTS_DIR; };
		922DBE038243C983D1ED9DFD /* Pods-iUpdate-iUpdateUITests.debug.xcconfig */ = {isa = PBXFileReference; includeInIndex = 1; lastKnownFileType = text.xcconfig; name = "Pods-iUpdate-iUpdateUITests.debug.xcconfig"; path = "Target Support Files/Pods-iUpdate-iUpdateUITests/Pods-iUpdate-iUpdateUITests.debug.xcconfig"; sourceTree = "<group>"; };
		ABC9B8031A3DEF5FC47687C4 /* Pods_iUpdateTests.framework */ = {isa = PBXFileReference; explicitFileType = wrapper.framework; includeInIndex = 0; path = Pods_iUpdateTests.framework; sourceTree = BUILT_PRODUCTS_DIR; };
		B14AB51FEA7D007CE9D74600 /* Pods-iUpdate.debug.xcconfig */ = {isa = PBXFileReference; includeInIndex = 1; lastKnownFileType = text.xcconfig; name = "Pods-iUpdate.debug.xcconfig"; path = "Target Support Files/Pods-iUpdate/Pods-iUpdate.debug.xcconfig"; sourceTree = "<group>"; };
		E355C30D4E7E3C646C1C1F91 /* Pods-iUpdate.release.xcconfig */ = {isa = PBXFileReference; includeInIndex = 1; lastKnownFileType = text.xcconfig; name = "Pods-iUpdate.release.xcconfig"; path = "Target Support Files/Pods-iUpdate/Pods-iUpdate.release.xcconfig"; sourceTree = "<group>"; };
		F34D9757243108C8002809F1 /* FileManager.swift */ = {isa = PBXFileReference; lastKnownFileType = sourcecode.swift; path = FileManager.swift; sourceTree = "<group>"; };
		F35558E62429002F0050892F /* Asset.swift */ = {isa = PBXFileReference; lastKnownFileType = sourcecode.swift; path = Asset.swift; sourceTree = "<group>"; };
		F35558E8242901280050892F /* iUpdate.entitlements */ = {isa = PBXFileReference; lastKnownFileType = text.plist.entitlements; path = iUpdate.entitlements; sourceTree = "<group>"; };
		F366C33C242E65BE00C92C4B /* MainTableViewCell.swift */ = {isa = PBXFileReference; lastKnownFileType = sourcecode.swift; path = MainTableViewCell.swift; sourceTree = "<group>"; };
		F366C34A242F73B300C92C4B /* UIColor.swift */ = {isa = PBXFileReference; lastKnownFileType = sourcecode.swift; path = UIColor.swift; sourceTree = "<group>"; };
		F366C350242F984400C92C4B /* UpdateDetailTableViewController.swift */ = {isa = PBXFileReference; lastKnownFileType = sourcecode.swift; path = UpdateDetailTableViewController.swift; sourceTree = "<group>"; };
		F366C352242F985B00C92C4B /* UpdateDetailTableViewCell.swift */ = {isa = PBXFileReference; lastKnownFileType = sourcecode.swift; path = UpdateDetailTableViewCell.swift; sourceTree = "<group>"; };
		F366C355242FA29B00C92C4B /* DescriptionViewController.swift */ = {isa = PBXFileReference; lastKnownFileType = sourcecode.swift; path = DescriptionViewController.swift; sourceTree = "<group>"; };
		F366C358242FA3BB00C92C4B /* WebKit.framework */ = {isa = PBXFileReference; lastKnownFileType = wrapper.framework; name = WebKit.framework; path = Platforms/MacOSX.platform/Developer/SDKs/MacOSX10.15.sdk/System/Library/Frameworks/WebKit.framework; sourceTree = DEVELOPER_DIR; };
		F366C35B242FAA1300C92C4B /* AddCatalogTableViewController.swift */ = {isa = PBXFileReference; lastKnownFileType = sourcecode.swift; path = AddCatalogTableViewController.swift; sourceTree = "<group>"; };
		F366C35D242FAA2900C92C4B /* AddCatalogTableViewCell.swift */ = {isa = PBXFileReference; lastKnownFileType = sourcecode.swift; path = AddCatalogTableViewCell.swift; sourceTree = "<group>"; };
		F392F8122428CBAB00F2B6D8 /* iUpdate.app */ = {isa = PBXFileReference; explicitFileType = wrapper.application; includeInIndex = 0; path = iUpdate.app; sourceTree = BUILT_PRODUCTS_DIR; };
		F392F8152428CBAC00F2B6D8 /* AppDelegate.swift */ = {isa = PBXFileReference; lastKnownFileType = sourcecode.swift; path = AppDelegate.swift; sourceTree = "<group>"; };
		F392F8172428CBAC00F2B6D8 /* SceneDelegate.swift */ = {isa = PBXFileReference; lastKnownFileType = sourcecode.swift; path = SceneDelegate.swift; sourceTree = "<group>"; };
		F392F81C2428CBAC00F2B6D8 /* Base */ = {isa = PBXFileReference; lastKnownFileType = file.storyboard; name = Base; path = Base.lproj/Main.storyboard; sourceTree = "<group>"; };
		F392F81E2428CBAD00F2B6D8 /* Assets.xcassets */ = {isa = PBXFileReference; lastKnownFileType = folder.assetcatalog; path = Assets.xcassets; sourceTree = "<group>"; };
		F392F8212428CBAD00F2B6D8 /* Base */ = {isa = PBXFileReference; lastKnownFileType = file.storyboard; name = Base; path = Base.lproj/LaunchScreen.storyboard; sourceTree = "<group>"; };
		F392F8232428CBAD00F2B6D8 /* Info.plist */ = {isa = PBXFileReference; lastKnownFileType = text.plist.xml; path = Info.plist; sourceTree = "<group>"; };
		F392F8282428CBAD00F2B6D8 /* iUpdateTests.xctest */ = {isa = PBXFileReference; explicitFileType = wrapper.cfbundle; includeInIndex = 0; path = iUpdateTests.xctest; sourceTree = BUILT_PRODUCTS_DIR; };
		F392F82C2428CBAD00F2B6D8 /* iUpdateTests.swift */ = {isa = PBXFileReference; lastKnownFileType = sourcecode.swift; path = iUpdateTests.swift; sourceTree = "<group>"; };
		F392F82E2428CBAD00F2B6D8 /* Info.plist */ = {isa = PBXFileReference; lastKnownFileType = text.plist.xml; path = Info.plist; sourceTree = "<group>"; };
		F392F8332428CBAD00F2B6D8 /* iUpdateUITests.xctest */ = {isa = PBXFileReference; explicitFileType = wrapper.cfbundle; includeInIndex = 0; path = iUpdateUITests.xctest; sourceTree = BUILT_PRODUCTS_DIR; };
		F392F8372428CBAD00F2B6D8 /* iUpdateUITests.swift */ = {isa = PBXFileReference; lastKnownFileType = sourcecode.swift; path = iUpdateUITests.swift; sourceTree = "<group>"; };
		F392F8392428CBAD00F2B6D8 /* Info.plist */ = {isa = PBXFileReference; lastKnownFileType = text.plist.xml; path = Info.plist; sourceTree = "<group>"; };
		F392F8452428CC2500F2B6D8 /* MainTableViewController.swift */ = {isa = PBXFileReference; lastKnownFileType = sourcecode.swift; path = MainTableViewController.swift; sourceTree = "<group>"; };
		F392F8492428CF2E00F2B6D8 /* Catalog.swift */ = {isa = PBXFileReference; lastKnownFileType = sourcecode.swift; path = Catalog.swift; sourceTree = "<group>"; };
		F392F84B2428D00600F2B6D8 /* ManageCatalogTableViewController.swift */ = {isa = PBXFileReference; lastKnownFileType = sourcecode.swift; path = ManageCatalogTableViewController.swift; sourceTree = "<group>"; };
		F392F84D2428D3BF00F2B6D8 /* ManageCatalogTableViewCell.swift */ = {isa = PBXFileReference; lastKnownFileType = sourcecode.swift; path = ManageCatalogTableViewCell.swift; sourceTree = "<group>"; };
		F3C2A9C52430EAF4007A63F3 /* Documentation.swift */ = {isa = PBXFileReference; lastKnownFileType = sourcecode.swift; path = Documentation.swift; sourceTree = "<group>"; };
		F3C2A9C82430EFAC007A63F3 /* DocumentationListTableViewController.swift */ = {isa = PBXFileReference; lastKnownFileType = sourcecode.swift; path = DocumentationListTableViewController.swift; sourceTree = "<group>"; };
		F3C2A9CA2430EFC5007A63F3 /* DocumentationListTableViewCell.swift */ = {isa = PBXFileReference; lastKnownFileType = sourcecode.swift; path = DocumentationListTableViewCell.swift; sourceTree = "<group>"; };
		F3C2A9CC2430F598007A63F3 /* DocumentationDetailTableViewController.swift */ = {isa = PBXFileReference; lastKnownFileType = sourcecode.swift; path = DocumentationDetailTableViewController.swift; sourceTree = "<group>"; };
		F3C2A9CE2430F5B2007A63F3 /* DocumentationDetailCellTableViewCell.swift */ = {isa = PBXFileReference; lastKnownFileType = sourcecode.swift; path = DocumentationDetailCellTableViewCell.swift; sourceTree = "<group>"; };
/* End PBXFileReference section */

/* Begin PBXFrameworksBuildPhase section */
		F392F80F2428CBAB00F2B6D8 /* Frameworks */ = {
			isa = PBXFrameworksBuildPhase;
			buildActionMask = 2147483647;
			files = (
				F3C2A9D02430FBD9007A63F3 /* WebKit.framework in Frameworks */,
				2AB58D116B8A699E00023D9F /* Pods_iUpdate.framework in Frameworks */,
			);
			runOnlyForDeploymentPostprocessing = 0;
		};
		F392F8252428CBAD00F2B6D8 /* Frameworks */ = {
			isa = PBXFrameworksBuildPhase;
			buildActionMask = 2147483647;
			files = (
				39CDC9B980DE7ED65258E79D /* Pods_iUpdateTests.framework in Frameworks */,
			);
			runOnlyForDeploymentPostprocessing = 0;
		};
		F392F8302428CBAD00F2B6D8 /* Frameworks */ = {
			isa = PBXFrameworksBuildPhase;
			buildActionMask = 2147483647;
			files = (
				1073AD00862A4296F37F3E28 /* Pods_iUpdate_iUpdateUITests.framework in Frameworks */,
			);
			runOnlyForDeploymentPostprocessing = 0;
		};
/* End PBXFrameworksBuildPhase section */

/* Begin PBXGroup section */
		DE055EEF929F924CB704FBD1 /* Pods */ = {
			isa = PBXGroup;
			children = (
				B14AB51FEA7D007CE9D74600 /* Pods-iUpdate.debug.xcconfig */,
				E355C30D4E7E3C646C1C1F91 /* Pods-iUpdate.release.xcconfig */,
				922DBE038243C983D1ED9DFD /* Pods-iUpdate-iUpdateUITests.debug.xcconfig */,
				2620196C765D784521A226BF /* Pods-iUpdate-iUpdateUITests.release.xcconfig */,
				6AF727D0CF14EBB073FCF7EF /* Pods-iUpdateTests.debug.xcconfig */,
				58FA6E88E7D3435331E3A9D2 /* Pods-iUpdateTests.release.xcconfig */,
			);
			path = Pods;
			sourceTree = "<group>";
		};
		F366C34C242F97BD00C92C4B /* ManageCatalog */ = {
			isa = PBXGroup;
			children = (
				F392F84B2428D00600F2B6D8 /* ManageCatalogTableViewController.swift */,
				F392F84D2428D3BF00F2B6D8 /* ManageCatalogTableViewCell.swift */,
				F366C35B242FAA1300C92C4B /* AddCatalogTableViewController.swift */,
				F366C35D242FAA2900C92C4B /* AddCatalogTableViewCell.swift */,
			);
			path = ManageCatalog;
			sourceTree = "<group>";
		};
		F366C34F242F981100C92C4B /* UpdateDetail */ = {
			isa = PBXGroup;
			children = (
				F366C350242F984400C92C4B /* UpdateDetailTableViewController.swift */,
				F366C352242F985B00C92C4B /* UpdateDetailTableViewCell.swift */,
			);
			path = UpdateDetail;
			sourceTree = "<group>";
		};
		F366C354242F98F500C92C4B /* Extensions */ = {
			isa = PBXGroup;
			children = (
				F366C34A242F73B300C92C4B /* UIColor.swift */,
				F34D9757243108C8002809F1 /* FileManager.swift */,
			);
			path = Extensions;
			sourceTree = "<group>";
		};
		F366C357242FA3BA00C92C4B /* Frameworks */ = {
			isa = PBXGroup;
			children = (
				F366C358242FA3BB00C92C4B /* WebKit.framework */,
				46C4D9AD8EEEF0166DA172AA /* Pods_iUpdate.framework */,
				7EE4C612E1AAC6514E6D5A91 /* Pods_iUpdate_iUpdateUITests.framework */,
				ABC9B8031A3DEF5FC47687C4 /* Pods_iUpdateTests.framework */,
			);
			name = Frameworks;
			sourceTree = "<group>";
		};
		F366C35A242FA75400C92C4B /* Data */ = {
			isa = PBXGroup;
			children = (
				F392F8492428CF2E00F2B6D8 /* Catalog.swift */,
				F35558E62429002F0050892F /* Asset.swift */,
				F3C2A9C52430EAF4007A63F3 /* Documentation.swift */,
			);
			path = Data;
			sourceTree = "<group>";
		};
		F392F8092428CBAB00F2B6D8 = {
			isa = PBXGroup;
			children = (
				F392F8142428CBAC00F2B6D8 /* iUpdate */,
				F392F82B2428CBAD00F2B6D8 /* iUpdateTests */,
				F392F8362428CBAD00F2B6D8 /* iUpdateUITests */,
				F392F8132428CBAB00F2B6D8 /* Products */,
				F366C357242FA3BA00C92C4B /* Frameworks */,
				DE055EEF929F924CB704FBD1 /* Pods */,
			);
			sourceTree = "<group>";
		};
		F392F8132428CBAB00F2B6D8 /* Products */ = {
			isa = PBXGroup;
			children = (
				F392F8122428CBAB00F2B6D8 /* iUpdate.app */,
				F392F8282428CBAD00F2B6D8 /* iUpdateTests.xctest */,
				F392F8332428CBAD00F2B6D8 /* iUpdateUITests.xctest */,
			);
			name = Products;
			sourceTree = "<group>";
		};
		F392F8142428CBAC00F2B6D8 /* iUpdate */ = {
			isa = PBXGroup;
			children = (
				F3C2A9C72430EF6A007A63F3 /* DocumentationView */,
				F366C35A242FA75400C92C4B /* Data */,
				F366C354242F98F500C92C4B /* Extensions */,
				F366C34F242F981100C92C4B /* UpdateDetail */,
				F366C34C242F97BD00C92C4B /* ManageCatalog */,
				F35558E8242901280050892F /* iUpdate.entitlements */,
				F392F8152428CBAC00F2B6D8 /* AppDelegate.swift */,
				F392F8172428CBAC00F2B6D8 /* SceneDelegate.swift */,
				F392F81B2428CBAC00F2B6D8 /* Main.storyboard */,
				F366C33C242E65BE00C92C4B /* MainTableViewCell.swift */,
				F392F8452428CC2500F2B6D8 /* MainTableViewController.swift */,
				F392F81E2428CBAD00F2B6D8 /* Assets.xcassets */,
				F392F8202428CBAD00F2B6D8 /* LaunchScreen.storyboard */,
				F392F8232428CBAD00F2B6D8 /* Info.plist */,
			);
			path = iUpdate;
			sourceTree = "<group>";
		};
		F392F82B2428CBAD00F2B6D8 /* iUpdateTests */ = {
			isa = PBXGroup;
			children = (
				F392F82C2428CBAD00F2B6D8 /* iUpdateTests.swift */,
				F392F82E2428CBAD00F2B6D8 /* Info.plist */,
			);
			path = iUpdateTests;
			sourceTree = "<group>";
		};
		F392F8362428CBAD00F2B6D8 /* iUpdateUITests */ = {
			isa = PBXGroup;
			children = (
				F392F8372428CBAD00F2B6D8 /* iUpdateUITests.swift */,
				F392F8392428CBAD00F2B6D8 /* Info.plist */,
			);
			path = iUpdateUITests;
			sourceTree = "<group>";
		};
		F3C2A9C72430EF6A007A63F3 /* DocumentationView */ = {
			isa = PBXGroup;
			children = (
				F3C2A9C82430EFAC007A63F3 /* DocumentationListTableViewController.swift */,
				F3C2A9CA2430EFC5007A63F3 /* DocumentationListTableViewCell.swift */,
				F3C2A9CC2430F598007A63F3 /* DocumentationDetailTableViewController.swift */,
				F3C2A9CE2430F5B2007A63F3 /* DocumentationDetailCellTableViewCell.swift */,
				F366C355242FA29B00C92C4B /* DescriptionViewController.swift */,
			);
			path = DocumentationView;
			sourceTree = "<group>";
		};
/* End PBXGroup section */

/* Begin PBXNativeTarget section */
		F392F8112428CBAB00F2B6D8 /* iUpdate */ = {
			isa = PBXNativeTarget;
			buildConfigurationList = F392F83C2428CBAD00F2B6D8 /* Build configuration list for PBXNativeTarget "iUpdate" */;
			buildPhases = (
				507FD643D220FE9D5DA2E120 /* [CP] Check Pods Manifest.lock */,
				F392F80E2428CBAB00F2B6D8 /* Sources */,
				F392F80F2428CBAB00F2B6D8 /* Frameworks */,
				F392F8102428CBAB00F2B6D8 /* Resources */,
				BA1320C7CE931505EB5B92FF /* [CP] Embed Pods Frameworks */,
			);
			buildRules = (
			);
			dependencies = (
			);
			name = iUpdate;
			productName = iUpdate;
			productReference = F392F8122428CBAB00F2B6D8 /* iUpdate.app */;
			productType = "com.apple.product-type.application";
		};
		F392F8272428CBAD00F2B6D8 /* iUpdateTests */ = {
			isa = PBXNativeTarget;
			buildConfigurationList = F392F83F2428CBAD00F2B6D8 /* Build configuration list for PBXNativeTarget "iUpdateTests" */;
			buildPhases = (
				F553091D24B0305B5627055F /* [CP] Check Pods Manifest.lock */,
				F392F8242428CBAD00F2B6D8 /* Sources */,
				F392F8252428CBAD00F2B6D8 /* Frameworks */,
				F392F8262428CBAD00F2B6D8 /* Resources */,
			);
			buildRules = (
			);
			dependencies = (
				F392F82A2428CBAD00F2B6D8 /* PBXTargetDependency */,
			);
			name = iUpdateTests;
			productName = iUpdateTests;
			productReference = F392F8282428CBAD00F2B6D8 /* iUpdateTests.xctest */;
			productType = "com.apple.product-type.bundle.unit-test";
		};
		F392F8322428CBAD00F2B6D8 /* iUpdateUITests */ = {
			isa = PBXNativeTarget;
			buildConfigurationList = F392F8422428CBAD00F2B6D8 /* Build configuration list for PBXNativeTarget "iUpdateUITests" */;
			buildPhases = (
				F762DAD5A1FD6084BFB038BE /* [CP] Check Pods Manifest.lock */,
				F392F82F2428CBAD00F2B6D8 /* Sources */,
				F392F8302428CBAD00F2B6D8 /* Frameworks */,
				F392F8312428CBAD00F2B6D8 /* Resources */,
				43A3E38D1D9E69E08E6F7420 /* [CP] Embed Pods Frameworks */,
			);
			buildRules = (
			);
			dependencies = (
				F392F8352428CBAD00F2B6D8 /* PBXTargetDependency */,
			);
			name = iUpdateUITests;
			productName = iUpdateUITests;
			productReference = F392F8332428CBAD00F2B6D8 /* iUpdateUITests.xctest */;
			productType = "com.apple.product-type.bundle.ui-testing";
		};
/* End PBXNativeTarget section */

/* Begin PBXProject section */
		F392F80A2428CBAB00F2B6D8 /* Project object */ = {
			isa = PBXProject;
			attributes = {
				LastSwiftUpdateCheck = 1140;
				LastUpgradeCheck = 1140;
				ORGANIZATIONNAME = pook;
				TargetAttributes = {
					F392F8112428CBAB00F2B6D8 = {
						CreatedOnToolsVersion = 11.4;
					};
					F392F8272428CBAD00F2B6D8 = {
						CreatedOnToolsVersion = 11.4;
						TestTargetID = F392F8112428CBAB00F2B6D8;
					};
					F392F8322428CBAD00F2B6D8 = {
						CreatedOnToolsVersion = 11.4;
						TestTargetID = F392F8112428CBAB00F2B6D8;
					};
				};
			};
			buildConfigurationList = F392F80D2428CBAB00F2B6D8 /* Build configuration list for PBXProject "iUpdate" */;
			compatibilityVersion = "Xcode 9.3";
			developmentRegion = en;
			hasScannedForEncodings = 0;
			knownRegions = (
				en,
				Base,
			);
			mainGroup = F392F8092428CBAB00F2B6D8;
			productRefGroup = F392F8132428CBAB00F2B6D8 /* Products */;
			projectDirPath = "";
			projectRoot = "";
			targets = (
				F392F8112428CBAB00F2B6D8 /* iUpdate */,
				F392F8272428CBAD00F2B6D8 /* iUpdateTests */,
				F392F8322428CBAD00F2B6D8 /* iUpdateUITests */,
			);
		};
/* End PBXProject section */

/* Begin PBXResourcesBuildPhase section */
		F392F8102428CBAB00F2B6D8 /* Resources */ = {
			isa = PBXResourcesBuildPhase;
			buildActionMask = 2147483647;
			files = (
				F392F8222428CBAD00F2B6D8 /* LaunchScreen.storyboard in Resources */,
				F392F81F2428CBAD00F2B6D8 /* Assets.xcassets in Resources */,
				F392F81D2428CBAC00F2B6D8 /* Main.storyboard in Resources */,
			);
			runOnlyForDeploymentPostprocessing = 0;
		};
		F392F8262428CBAD00F2B6D8 /* Resources */ = {
			isa = PBXResourcesBuildPhase;
			buildActionMask = 2147483647;
			files = (
			);
			runOnlyForDeploymentPostprocessing = 0;
		};
		F392F8312428CBAD00F2B6D8 /* Resources */ = {
			isa = PBXResourcesBuildPhase;
			buildActionMask = 2147483647;
			files = (
			);
			runOnlyForDeploymentPostprocessing = 0;
		};
/* End PBXResourcesBuildPhase section */

/* Begin PBXShellScriptBuildPhase section */
		43A3E38D1D9E69E08E6F7420 /* [CP] Embed Pods Frameworks */ = {
			isa = PBXShellScriptBuildPhase;
			buildActionMask = 2147483647;
			files = (
			);
			inputFileListPaths = (
				"${PODS_ROOT}/Target Support Files/Pods-iUpdate-iUpdateUITests/Pods-iUpdate-iUpdateUITests-frameworks-${CONFIGURATION}-input-files.xcfilelist",
			);
			name = "[CP] Embed Pods Frameworks";
			outputFileListPaths = (
				"${PODS_ROOT}/Target Support Files/Pods-iUpdate-iUpdateUITests/Pods-iUpdate-iUpdateUITests-frameworks-${CONFIGURATION}-output-files.xcfilelist",
			);
			runOnlyForDeploymentPostprocessing = 0;
			shellPath = /bin/sh;
			shellScript = "\"${PODS_ROOT}/Target Support Files/Pods-iUpdate-iUpdateUITests/Pods-iUpdate-iUpdateUITests-frameworks.sh\"\n";
			showEnvVarsInLog = 0;
		};
		507FD643D220FE9D5DA2E120 /* [CP] Check Pods Manifest.lock */ = {
			isa = PBXShellScriptBuildPhase;
			buildActionMask = 2147483647;
			files = (
			);
			inputFileListPaths = (
			);
			inputPaths = (
				"${PODS_PODFILE_DIR_PATH}/Podfile.lock",
				"${PODS_ROOT}/Manifest.lock",
			);
			name = "[CP] Check Pods Manifest.lock";
			outputFileListPaths = (
			);
			outputPaths = (
				"$(DERIVED_FILE_DIR)/Pods-iUpdate-checkManifestLockResult.txt",
			);
			runOnlyForDeploymentPostprocessing = 0;
			shellPath = /bin/sh;
			shellScript = "diff \"${PODS_PODFILE_DIR_PATH}/Podfile.lock\" \"${PODS_ROOT}/Manifest.lock\" > /dev/null\nif [ $? != 0 ] ; then\n    # print error to STDERR\n    echo \"error: The sandbox is not in sync with the Podfile.lock. Run 'pod install' or update your CocoaPods installation.\" >&2\n    exit 1\nfi\n# This output is used by Xcode 'outputs' to avoid re-running this script phase.\necho \"SUCCESS\" > \"${SCRIPT_OUTPUT_FILE_0}\"\n";
			showEnvVarsInLog = 0;
		};
		BA1320C7CE931505EB5B92FF /* [CP] Embed Pods Frameworks */ = {
			isa = PBXShellScriptBuildPhase;
			buildActionMask = 2147483647;
			files = (
			);
			inputFileListPaths = (
				"${PODS_ROOT}/Target Support Files/Pods-iUpdate/Pods-iUpdate-frameworks-${CONFIGURATION}-input-files.xcfilelist",
			);
			name = "[CP] Embed Pods Frameworks";
			outputFileListPaths = (
				"${PODS_ROOT}/Target Support Files/Pods-iUpdate/Pods-iUpdate-frameworks-${CONFIGURATION}-output-files.xcfilelist",
			);
			runOnlyForDeploymentPostprocessing = 0;
			shellPath = /bin/sh;
			shellScript = "\"${PODS_ROOT}/Target Support Files/Pods-iUpdate/Pods-iUpdate-frameworks.sh\"\n";
			showEnvVarsInLog = 0;
		};
		F553091D24B0305B5627055F /* [CP] Check Pods Manifest.lock */ = {
			isa = PBXShellScriptBuildPhase;
			buildActionMask = 2147483647;
			files = (
			);
			inputFileListPaths = (
			);
			inputPaths = (
				"${PODS_PODFILE_DIR_PATH}/Podfile.lock",
				"${PODS_ROOT}/Manifest.lock",
			);
			name = "[CP] Check Pods Manifest.lock";
			outputFileListPaths = (
			);
			outputPaths = (
				"$(DERIVED_FILE_DIR)/Pods-iUpdateTests-checkManifestLockResult.txt",
			);
			runOnlyForDeploymentPostprocessing = 0;
			shellPath = /bin/sh;
			shellScript = "diff \"${PODS_PODFILE_DIR_PATH}/Podfile.lock\" \"${PODS_ROOT}/Manifest.lock\" > /dev/null\nif [ $? != 0 ] ; then\n    # print error to STDERR\n    echo \"error: The sandbox is not in sync with the Podfile.lock. Run 'pod install' or update your CocoaPods installation.\" >&2\n    exit 1\nfi\n# This output is used by Xcode 'outputs' to avoid re-running this script phase.\necho \"SUCCESS\" > \"${SCRIPT_OUTPUT_FILE_0}\"\n";
			showEnvVarsInLog = 0;
		};
		F762DAD5A1FD6084BFB038BE /* [CP] Check Pods Manifest.lock */ = {
			isa = PBXShellScriptBuildPhase;
			buildActionMask = 2147483647;
			files = (
			);
			inputFileListPaths = (
			);
			inputPaths = (
				"${PODS_PODFILE_DIR_PATH}/Podfile.lock",
				"${PODS_ROOT}/Manifest.lock",
			);
			name = "[CP] Check Pods Manifest.lock";
			outputFileListPaths = (
			);
			outputPaths = (
				"$(DERIVED_FILE_DIR)/Pods-iUpdate-iUpdateUITests-checkManifestLockResult.txt",
			);
			runOnlyForDeploymentPostprocessing = 0;
			shellPath = /bin/sh;
			shellScript = "diff \"${PODS_PODFILE_DIR_PATH}/Podfile.lock\" \"${PODS_ROOT}/Manifest.lock\" > /dev/null\nif [ $? != 0 ] ; then\n    # print error to STDERR\n    echo \"error: The sandbox is not in sync with the Podfile.lock. Run 'pod install' or update your CocoaPods installation.\" >&2\n    exit 1\nfi\n# This output is used by Xcode 'outputs' to avoid re-running this script phase.\necho \"SUCCESS\" > \"${SCRIPT_OUTPUT_FILE_0}\"\n";
			showEnvVarsInLog = 0;
		};
/* End PBXShellScriptBuildPhase section */

/* Begin PBXSourcesBuildPhase section */
		F392F80E2428CBAB00F2B6D8 /* Sources */ = {
			isa = PBXSourcesBuildPhase;
			buildActionMask = 2147483647;
			files = (
				F366C356242FA29B00C92C4B /* DescriptionViewController.swift in Sources */,
				F392F84A2428CF2E00F2B6D8 /* Catalog.swift in Sources */,
				F366C33D242E65BE00C92C4B /* MainTableViewCell.swift in Sources */,
				F366C35C242FAA1300C92C4B /* AddCatalogTableViewController.swift in Sources */,
				F366C353242F985B00C92C4B /* UpdateDetailTableViewCell.swift in Sources */,
				F35558E72429002F0050892F /* Asset.swift in Sources */,
				F3C2A9C62430EAF4007A63F3 /* Documentation.swift in Sources */,
				F392F8162428CBAC00F2B6D8 /* AppDelegate.swift in Sources */,
				F392F84E2428D3BF00F2B6D8 /* ManageCatalogTableViewCell.swift in Sources */,
				F366C35E242FAA2900C92C4B /* AddCatalogTableViewCell.swift in Sources */,
				F392F8462428CC2500F2B6D8 /* MainTableViewController.swift in Sources */,
				F392F84C2428D00600F2B6D8 /* ManageCatalogTableViewController.swift in Sources */,
				F392F8182428CBAC00F2B6D8 /* SceneDelegate.swift in Sources */,
				F366C34B242F73B300C92C4B /* UIColor.swift in Sources */,
				F34D9758243108C8002809F1 /* FileManager.swift in Sources */,
				F3C2A9CF2430F5B2007A63F3 /* DocumentationDetailCellTableViewCell.swift in Sources */,
				F3C2A9CB2430EFC5007A63F3 /* DocumentationListTableViewCell.swift in Sources */,
				F3C2A9CD2430F598007A63F3 /* DocumentationDetailTableViewController.swift in Sources */,
				F3C2A9C92430EFAC007A63F3 /* DocumentationListTableViewController.swift in Sources */,
				F366C351242F984400C92C4B /* UpdateDetailTableViewController.swift in Sources */,
			);
			runOnlyForDeploymentPostprocessing = 0;
		};
		F392F8242428CBAD00F2B6D8 /* Sources */ = {
			isa = PBXSourcesBuildPhase;
			buildActionMask = 2147483647;
			files = (
				F392F82D2428CBAD00F2B6D8 /* iUpdateTests.swift in Sources */,
			);
			runOnlyForDeploymentPostprocessing = 0;
		};
		F392F82F2428CBAD00F2B6D8 /* Sources */ = {
			isa = PBXSourcesBuildPhase;
			buildActionMask = 2147483647;
			files = (
				F392F8382428CBAD00F2B6D8 /* iUpdateUITests.swift in Sources */,
			);
			runOnlyForDeploymentPostprocessing = 0;
		};
/* End PBXSourcesBuildPhase section */

/* Begin PBXTargetDependency section */
		F392F82A2428CBAD00F2B6D8 /* PBXTargetDependency */ = {
			isa = PBXTargetDependency;
			target = F392F8112428CBAB00F2B6D8 /* iUpdate */;
			targetProxy = F392F8292428CBAD00F2B6D8 /* PBXContainerItemProxy */;
		};
		F392F8352428CBAD00F2B6D8 /* PBXTargetDependency */ = {
			isa = PBXTargetDependency;
			target = F392F8112428CBAB00F2B6D8 /* iUpdate */;
			targetProxy = F392F8342428CBAD00F2B6D8 /* PBXContainerItemProxy */;
		};
/* End PBXTargetDependency section */

/* Begin PBXVariantGroup section */
		F392F81B2428CBAC00F2B6D8 /* Main.storyboard */ = {
			isa = PBXVariantGroup;
			children = (
				F392F81C2428CBAC00F2B6D8 /* Base */,
			);
			name = Main.storyboard;
			sourceTree = "<group>";
		};
		F392F8202428CBAD00F2B6D8 /* LaunchScreen.storyboard */ = {
			isa = PBXVariantGroup;
			children = (
				F392F8212428CBAD00F2B6D8 /* Base */,
			);
			name = LaunchScreen.storyboard;
			sourceTree = "<group>";
		};
/* End PBXVariantGroup section */

/* Begin XCBuildConfiguration section */
		F392F83A2428CBAD00F2B6D8 /* Debug */ = {
			isa = XCBuildConfiguration;
			buildSettings = {
				ALWAYS_SEARCH_USER_PATHS = NO;
				CLANG_ANALYZER_NONNULL = YES;
				CLANG_ANALYZER_NUMBER_OBJECT_CONVERSION = YES_AGGRESSIVE;
				CLANG_CXX_LANGUAGE_STANDARD = "gnu++14";
				CLANG_CXX_LIBRARY = "libc++";
				CLANG_ENABLE_MODULES = YES;
				CLANG_ENABLE_OBJC_ARC = YES;
				CLANG_ENABLE_OBJC_WEAK = YES;
				CLANG_WARN_BLOCK_CAPTURE_AUTORELEASING = YES;
				CLANG_WARN_BOOL_CONVERSION = YES;
				CLANG_WARN_COMMA = YES;
				CLANG_WARN_CONSTANT_CONVERSION = YES;
				CLANG_WARN_DEPRECATED_OBJC_IMPLEMENTATIONS = YES;
				CLANG_WARN_DIRECT_OBJC_ISA_USAGE = YES_ERROR;
				CLANG_WARN_DOCUMENTATION_COMMENTS = YES;
				CLANG_WARN_EMPTY_BODY = YES;
				CLANG_WARN_ENUM_CONVERSION = YES;
				CLANG_WARN_INFINITE_RECURSION = YES;
				CLANG_WARN_INT_CONVERSION = YES;
				CLANG_WARN_NON_LITERAL_NULL_CONVERSION = YES;
				CLANG_WARN_OBJC_IMPLICIT_RETAIN_SELF = YES;
				CLANG_WARN_OBJC_LITERAL_CONVERSION = YES;
				CLANG_WARN_OBJC_ROOT_CLASS = YES_ERROR;
				CLANG_WARN_RANGE_LOOP_ANALYSIS = YES;
				CLANG_WARN_STRICT_PROTOTYPES = YES;
				CLANG_WARN_SUSPICIOUS_MOVE = YES;
				CLANG_WARN_UNGUARDED_AVAILABILITY = YES_AGGRESSIVE;
				CLANG_WARN_UNREACHABLE_CODE = YES;
				CLANG_WARN__DUPLICATE_METHOD_MATCH = YES;
				COPY_PHASE_STRIP = NO;
				DEBUG_INFORMATION_FORMAT = dwarf;
				ENABLE_STRICT_OBJC_MSGSEND = YES;
				ENABLE_TESTABILITY = YES;
				GCC_C_LANGUAGE_STANDARD = gnu11;
				GCC_DYNAMIC_NO_PIC = NO;
				GCC_NO_COMMON_BLOCKS = YES;
				GCC_OPTIMIZATION_LEVEL = 0;
				GCC_PREPROCESSOR_DEFINITIONS = (
					"DEBUG=1",
					"$(inherited)",
				);
				GCC_WARN_64_TO_32_BIT_CONVERSION = YES;
				GCC_WARN_ABOUT_RETURN_TYPE = YES_ERROR;
				GCC_WARN_UNDECLARED_SELECTOR = YES;
				GCC_WARN_UNINITIALIZED_AUTOS = YES_AGGRESSIVE;
				GCC_WARN_UNUSED_FUNCTION = YES;
				GCC_WARN_UNUSED_VARIABLE = YES;
				IPHONEOS_DEPLOYMENT_TARGET = 13.4;
				MTL_ENABLE_DEBUG_INFO = INCLUDE_SOURCE;
				MTL_FAST_MATH = YES;
				ONLY_ACTIVE_ARCH = YES;
				SDKROOT = iphoneos;
				SWIFT_ACTIVE_COMPILATION_CONDITIONS = DEBUG;
				SWIFT_OPTIMIZATION_LEVEL = "-Onone";
			};
			name = Debug;
		};
		F392F83B2428CBAD00F2B6D8 /* Release */ = {
			isa = XCBuildConfiguration;
			buildSettings = {
				ALWAYS_SEARCH_USER_PATHS = NO;
				CLANG_ANALYZER_NONNULL = YES;
				CLANG_ANALYZER_NUMBER_OBJECT_CONVERSION = YES_AGGRESSIVE;
				CLANG_CXX_LANGUAGE_STANDARD = "gnu++14";
				CLANG_CXX_LIBRARY = "libc++";
				CLANG_ENABLE_MODULES = YES;
				CLANG_ENABLE_OBJC_ARC = YES;
				CLANG_ENABLE_OBJC_WEAK = YES;
				CLANG_WARN_BLOCK_CAPTURE_AUTORELEASING = YES;
				CLANG_WARN_BOOL_CONVERSION = YES;
				CLANG_WARN_COMMA = YES;
				CLANG_WARN_CONSTANT_CONVERSION = YES;
				CLANG_WARN_DEPRECATED_OBJC_IMPLEMENTATIONS = YES;
				CLANG_WARN_DIRECT_OBJC_ISA_USAGE = YES_ERROR;
				CLANG_WARN_DOCUMENTATION_COMMENTS = YES;
				CLANG_WARN_EMPTY_BODY = YES;
				CLANG_WARN_ENUM_CONVERSION = YES;
				CLANG_WARN_INFINITE_RECURSION = YES;
				CLANG_WARN_INT_CONVERSION = YES;
				CLANG_WARN_NON_LITERAL_NULL_CONVERSION = YES;
				CLANG_WARN_OBJC_IMPLICIT_RETAIN_SELF = YES;
				CLANG_WARN_OBJC_LITERAL_CONVERSION = YES;
				CLANG_WARN_OBJC_ROOT_CLASS = YES_ERROR;
				CLANG_WARN_RANGE_LOOP_ANALYSIS = YES;
				CLANG_WARN_STRICT_PROTOTYPES = YES;
				CLANG_WARN_SUSPICIOUS_MOVE = YES;
				CLANG_WARN_UNGUARDED_AVAILABILITY = YES_AGGRESSIVE;
				CLANG_WARN_UNREACHABLE_CODE = YES;
				CLANG_WARN__DUPLICATE_METHOD_MATCH = YES;
				COPY_PHASE_STRIP = NO;
				DEBUG_INFORMATION_FORMAT = "dwarf-with-dsym";
				ENABLE_NS_ASSERTIONS = NO;
				ENABLE_STRICT_OBJC_MSGSEND = YES;
				GCC_C_LANGUAGE_STANDARD = gnu11;
				GCC_NO_COMMON_BLOCKS = YES;
				GCC_WARN_64_TO_32_BIT_CONVERSION = YES;
				GCC_WARN_ABOUT_RETURN_TYPE = YES_ERROR;
				GCC_WARN_UNDECLARED_SELECTOR = YES;
				GCC_WARN_UNINITIALIZED_AUTOS = YES_AGGRESSIVE;
				GCC_WARN_UNUSED_FUNCTION = YES;
				GCC_WARN_UNUSED_VARIABLE = YES;
				IPHONEOS_DEPLOYMENT_TARGET = 13.4;
				MTL_ENABLE_DEBUG_INFO = NO;
				MTL_FAST_MATH = YES;
				SDKROOT = iphoneos;
				SWIFT_COMPILATION_MODE = wholemodule;
				SWIFT_OPTIMIZATION_LEVEL = "-O";
				VALIDATE_PRODUCT = YES;
			};
			name = Release;
		};
		F392F83D2428CBAD00F2B6D8 /* Debug */ = {
			isa = XCBuildConfiguration;
			baseConfigurationReference = B14AB51FEA7D007CE9D74600 /* Pods-iUpdate.debug.xcconfig */;
			buildSettings = {
				ASSETCATALOG_COMPILER_APPICON_NAME = AppIcon;
				CODE_SIGN_ENTITLEMENTS = iUpdate/iUpdate.entitlements;
				CODE_SIGN_STYLE = Automatic;
				DEVELOPMENT_TEAM = P53D29U9LJ;
				INFOPLIST_FILE = iUpdate/Info.plist;
				LD_RUNPATH_SEARCH_PATHS = (
					"$(inherited)",
					"@executable_path/Frameworks",
				);
				PRODUCT_BUNDLE_IDENTIFIER = com.pookjw.iUpdate;
				PRODUCT_NAME = "$(TARGET_NAME)";
				SUPPORTS_MACCATALYST = YES;
				SWIFT_VERSION = 5.0;
				TARGETED_DEVICE_FAMILY = "1,2";
			};
			name = Debug;
		};
		F392F83E2428CBAD00F2B6D8 /* Release */ = {
			isa = XCBuildConfiguration;
			baseConfigurationReference = E355C30D4E7E3C646C1C1F91 /* Pods-iUpdate.release.xcconfig */;
			buildSettings = {
				ASSETCATALOG_COMPILER_APPICON_NAME = AppIcon;
				CODE_SIGN_ENTITLEMENTS = iUpdate/iUpdate.entitlements;
				CODE_SIGN_STYLE = Automatic;
				DEVELOPMENT_TEAM = P53D29U9LJ;
				INFOPLIST_FILE = iUpdate/Info.plist;
				LD_RUNPATH_SEARCH_PATHS = (
					"$(inherited)",
					"@executable_path/Frameworks",
				);
				PRODUCT_BUNDLE_IDENTIFIER = com.pookjw.iUpdate;
				PRODUCT_NAME = "$(TARGET_NAME)";
				SUPPORTS_MACCATALYST = YES;
				SWIFT_VERSION = 5.0;
				TARGETED_DEVICE_FAMILY = "1,2";
			};
			name = Release;
		};
		F392F8402428CBAD00F2B6D8 /* Debug */ = {
			isa = XCBuildConfiguration;
			baseConfigurationReference = 6AF727D0CF14EBB073FCF7EF /* Pods-iUpdateTests.debug.xcconfig */;
			buildSettings = {
				ALWAYS_EMBED_SWIFT_STANDARD_LIBRARIES = YES;
				BUNDLE_LOADER = "$(TEST_HOST)";
				CODE_SIGN_STYLE = Automatic;
				DEVELOPMENT_TEAM = P53D29U9LJ;
				INFOPLIST_FILE = iUpdateTests/Info.plist;
				IPHONEOS_DEPLOYMENT_TARGET = 13.4;
				LD_RUNPATH_SEARCH_PATHS = (
					"$(inherited)",
					"@executable_path/Frameworks",
					"@loader_path/Frameworks",
				);
				PRODUCT_BUNDLE_IDENTIFIER = com.pookjw.iUpdateTests;
				PRODUCT_NAME = "$(TARGET_NAME)";
				SWIFT_VERSION = 5.0;
				TARGETED_DEVICE_FAMILY = "1,2";
				TEST_HOST = "$(BUILT_PRODUCTS_DIR)/iUpdate.app/iUpdate";
			};
			name = Debug;
		};
		F392F8412428CBAD00F2B6D8 /* Release */ = {
			isa = XCBuildConfiguration;
			baseConfigurationReference = 58FA6E88E7D3435331E3A9D2 /* Pods-iUpdateTests.release.xcconfig */;
			buildSettings = {
				ALWAYS_EMBED_SWIFT_STANDARD_LIBRARIES = YES;
				BUNDLE_LOADER = "$(TEST_HOST)";
				CODE_SIGN_STYLE = Automatic;
				DEVELOPMENT_TEAM = P53D29U9LJ;
				INFOPLIST_FILE = iUpdateTests/Info.plist;
				IPHONEOS_DEPLOYMENT_TARGET = 13.4;
				LD_RUNPATH_SEARCH_PATHS = (
					"$(inherited)",
					"@executable_path/Frameworks",
					"@loader_path/Frameworks",
				);
				PRODUCT_BUNDLE_IDENTIFIER = com.pookjw.iUpdateTests;
				PRODUCT_NAME = "$(TARGET_NAME)";
				SWIFT_VERSION = 5.0;
				TARGETED_DEVICE_FAMILY = "1,2";
				TEST_HOST = "$(BUILT_PRODUCTS_DIR)/iUpdate.app/iUpdate";
			};
			name = Release;
		};
		F392F8432428CBAD00F2B6D8 /* Debug */ = {
			isa = XCBuildConfiguration;
			baseConfigurationReference = 922DBE038243C983D1ED9DFD /* Pods-iUpdate-iUpdateUITests.debug.xcconfig */;
			buildSettings = {
				ALWAYS_EMBED_SWIFT_STANDARD_LIBRARIES = YES;
				CODE_SIGN_STYLE = Automatic;
				DEVELOPMENT_TEAM = P53D29U9LJ;
				INFOPLIST_FILE = iUpdateUITests/Info.plist;
				LD_RUNPATH_SEARCH_PATHS = (
					"$(inherited)",
					"@executable_path/Frameworks",
					"@loader_path/Frameworks",
				);
				PRODUCT_BUNDLE_IDENTIFIER = com.pookjw.iUpdateUITests;
				PRODUCT_NAME = "$(TARGET_NAME)";
				SWIFT_VERSION = 5.0;
				TARGETED_DEVICE_FAMILY = "1,2";
				TEST_TARGET_NAME = iUpdate;
			};
			name = Debug;
		};
		F392F8442428CBAD00F2B6D8 /* Release */ = {
			isa = XCBuildConfiguration;
			baseConfigurationReference = 2620196C765D784521A226BF /* Pods-iUpdate-iUpdateUITests.release.xcconfig */;
			buildSettings = {
				ALWAYS_EMBED_SWIFT_STANDARD_LIBRARIES = YES;
				CODE_SIGN_STYLE = Automatic;
				DEVELOPMENT_TEAM = P53D29U9LJ;
				INFOPLIST_FILE = iUpdateUITests/Info.plist;
				LD_RUNPATH_SEARCH_PATHS = (
					"$(inherited)",
					"@executable_path/Frameworks",
					"@loader_path/Frameworks",
				);
				PRODUCT_BUNDLE_IDENTIFIER = com.pookjw.iUpdateUITests;
				PRODUCT_NAME = "$(TARGET_NAME)";
				SWIFT_VERSION = 5.0;
				TARGETED_DEVICE_FAMILY = "1,2";
				TEST_TARGET_NAME = iUpdate;
			};
			name = Release;
		};
/* End XCBuildConfiguration section */

/* Begin XCConfigurationList section */
		F392F80D2428CBAB00F2B6D8 /* Build configuration list for PBXProject "iUpdate" */ = {
			isa = XCConfigurationList;
			buildConfigurations = (
				F392F83A2428CBAD00F2B6D8 /* Debug */,
				F392F83B2428CBAD00F2B6D8 /* Release */,
			);
			defaultConfigurationIsVisible = 0;
			defaultConfigurationName = Release;
		};
		F392F83C2428CBAD00F2B6D8 /* Build configuration list for PBXNativeTarget "iUpdate" */ = {
			isa = XCConfigurationList;
			buildConfigurations = (
				F392F83D2428CBAD00F2B6D8 /* Debug */,
				F392F83E2428CBAD00F2B6D8 /* Release */,
			);
			defaultConfigurationIsVisible = 0;
			defaultConfigurationName = Release;
		};
		F392F83F2428CBAD00F2B6D8 /* Build configuration list for PBXNativeTarget "iUpdateTests" */ = {
			isa = XCConfigurationList;
			buildConfigurations = (
				F392F8402428CBAD00F2B6D8 /* Debug */,
				F392F8412428CBAD00F2B6D8 /* Release */,
			);
			defaultConfigurationIsVisible = 0;
			defaultConfigurationName = Release;
		};
		F392F8422428CBAD00F2B6D8 /* Build configuration list for PBXNativeTarget "iUpdateUITests" */ = {
			isa = XCConfigurationList;
			buildConfigurations = (
				F392F8432428CBAD00F2B6D8 /* Debug */,
				F392F8442428CBAD00F2B6D8 /* Release */,
			);
			defaultConfigurationIsVisible = 0;
			defaultConfigurationName = Release;
		};
/* End XCConfigurationList section */
	};
	rootObject = F392F80A2428CBAB00F2B6D8 /* Project object */;
}
